
Microsoft Visual Studio Solution File, Format Version 12.00
# Visual Studio Version 16
VisualStudioVersion = 16.0.31112.23
MinimumVisualStudioVersion = 10.0.40219.1
Project("{FAE04EC0-301F-11D3-BF4B-00C04F79EFBC}") = "UTESA_STORE", "UTESA_STORE\UTESA_STORE.csproj", "{6BF6386B-B046-428A-BB35-B78A0198BD3D}"
EndProject
Global
	GlobalSection(SolutionConfigurationPlatforms) = preSolution
		Debug|Any CPU = Debug|Any CPU
		Release|Any CPU = Release|Any CPU
	EndGlobalSection
	GlobalSection(ProjectConfigurationPlatforms) = postSolution
		{6BF6386B-B046-428A-BB35-B78A0198BD3D}.Debug|Any CPU.ActiveCfg = Debug|Any CPU
		{6BF6386B-B046-428A-BB35-B78A0198BD3D}.Debug|Any CPU.Build.0 = Debug|Any CPU
		{6BF6386B-B046-428A-BB35-B78A0198BD3D}.Release|Any CPU.ActiveCfg = Release|Any CPU
		{6BF6386B-B046-428A-BB35-B78A0198BD3D}.Release|Any CPU.Build.0 = Release|Any CPU
	EndGlobalSection
	GlobalSection(SolutionProperties) = preSolution
		HideSolutionNode = FALSE
	EndGlobalSection
	GlobalSection(ExtensibilityGlobals) = postSolution
		SolutionGuid = {6D1B2E23-2FC8-467D-AE8B-3BA3AE17CB00}
	EndGlobalSection
EndGlobal
